
Microsoft Visual Studio Solution File, Format Version 12.00
# Visual Studio Version 16
VisualStudioVersion = 16.0.30114.105
MinimumVisualStudioVersion = 10.0.40219.1
Project("{FAE04EC0-301F-11D3-BF4B-00C04F79EFBC}") = "SampleChatterApiService", "ApiService\ApiService.csproj", "{9BAFED7F-7689-45D1-A4D7-B0E2FC4BD012}"
EndProject
Project("{FAE04EC0-301F-11D3-BF4B-00C04F79EFBC}") = "SampleChatterEntities", "Entities\Entities.csproj", "{FBBAB5D6-C6D3-4ECA-B96E-C90BB5A83186}"
EndProject
Project("{FAE04EC0-301F-11D3-BF4B-00C04F79EFBC}") = "SampleChatterRepository", "Repository\Repository.csproj", "{E7037B71-613F-4B74-9E02-8AFCF77B4C34}"
EndProject
Global
	GlobalSection(SolutionConfigurationPlatforms) = preSolution
		Debug|Any CPU = Debug|Any CPU
		Debug|x64 = Debug|x64
		Debug|x86 = Debug|x86
		Release|Any CPU = Release|Any CPU
		Release|x64 = Release|x64
		Release|x86 = Release|x86
	EndGlobalSection
	GlobalSection(SolutionProperties) = preSolution
		HideSolutionNode = FALSE
	EndGlobalSection
	GlobalSection(ProjectConfigurationPlatforms) = postSolution
		{9BAFED7F-7689-45D1-A4D7-B0E2FC4BD012}.Debug|Any CPU.ActiveCfg = Debug|Any CPU
		{9BAFED7F-7689-45D1-A4D7-B0E2FC4BD012}.Debug|Any CPU.Build.0 = Debug|Any CPU
		{9BAFED7F-7689-45D1-A4D7-B0E2FC4BD012}.Debug|x64.ActiveCfg = Debug|Any CPU
		{9BAFED7F-7689-45D1-A4D7-B0E2FC4BD012}.Debug|x64.Build.0 = Debug|Any CPU
		{9BAFED7F-7689-45D1-A4D7-B0E2FC4BD012}.Debug|x86.ActiveCfg = Debug|Any CPU
		{9BAFED7F-7689-45D1-A4D7-B0E2FC4BD012}.Debug|x86.Build.0 = Debug|Any CPU
		{9BAFED7F-7689-45D1-A4D7-B0E2FC4BD012}.Release|Any CPU.ActiveCfg = Release|Any CPU
		{9BAFED7F-7689-45D1-A4D7-B0E2FC4BD012}.Release|Any CPU.Build.0 = Release|Any CPU
		{9BAFED7F-7689-45D1-A4D7-B0E2FC4BD012}.Release|x64.ActiveCfg = Release|Any CPU
		{9BAFED7F-7689-45D1-A4D7-B0E2FC4BD012}.Release|x64.Build.0 = Release|Any CPU
		{9BAFED7F-7689-45D1-A4D7-B0E2FC4BD012}.Release|x86.ActiveCfg = Release|Any CPU
		{9BAFED7F-7689-45D1-A4D7-B0E2FC4BD012}.Release|x86.Build.0 = Release|Any CPU
		{FBBAB5D6-C6D3-4ECA-B96E-C90BB5A83186}.Debug|Any CPU.ActiveCfg = Debug|Any CPU
		{FBBAB5D6-C6D3-4ECA-B96E-C90BB5A83186}.Debug|Any CPU.Build.0 = Debug|Any CPU
		{FBBAB5D6-C6D3-4ECA-B96E-C90BB5A83186}.Debug|x64.ActiveCfg = Debug|Any CPU
		{FBBAB5D6-C6D3-4ECA-B96E-C90BB5A83186}.Debug|x64.Build.0 = Debug|Any CPU
		{FBBAB5D6-C6D3-4ECA-B96E-C90BB5A83186}.Debug|x86.ActiveCfg = Debug|Any CPU
		{FBBAB5D6-C6D3-4ECA-B96E-C90BB5A83186}.Debug|x86.Build.0 = Debug|Any CPU
		{FBBAB5D6-C6D3-4ECA-B96E-C90BB5A83186}.Release|Any CPU.ActiveCfg = Release|Any CPU
		{FBBAB5D6-C6D3-4ECA-B96E-C90BB5A83186}.Release|Any CPU.Build.0 = Release|Any CPU
		{FBBAB5D6-C6D3-4ECA-B96E-C90BB5A83186}.Release|x64.ActiveCfg = Release|Any CPU
		{FBBAB5D6-C6D3-4ECA-B96E-C90BB5A83186}.Release|x64.Build.0 = Release|Any CPU
		{FBBAB5D6-C6D3-4ECA-B96E-C90BB5A83186}.Release|x86.ActiveCfg = Release|Any CPU
		{FBBAB5D6-C6D3-4ECA-B96E-C90BB5A83186}.Release|x86.Build.0 = Release|Any CPU
		{E7037B71-613F-4B74-9E02-8AFCF77B4C34}.Debug|Any CPU.ActiveCfg = Debug|Any CPU
		{E7037B71-613F-4B74-9E02-8AFCF77B4C34}.Debug|Any CPU.Build.0 = Debug|Any CPU
		{E7037B71-613F-4B74-9E02-8AFCF77B4C34}.Debug|x64.ActiveCfg = Debug|Any CPU
		{E7037B71-613F-4B74-9E02-8AFCF77B4C34}.Debug|x64.Build.0 = Debug|Any CPU
		{E7037B71-613F-4B74-9E02-8AFCF77B4C34}.Debug|x86.ActiveCfg = Debug|Any CPU
		{E7037B71-613F-4B74-9E02-8AFCF77B4C34}.Debug|x86.Build.0 = Debug|Any CPU
		{E7037B71-613F-4B74-9E02-8AFCF77B4C34}.Release|Any CPU.ActiveCfg = Release|Any CPU
		{E7037B71-613F-4B74-9E02-8AFCF77B4C34}.Release|Any CPU.Build.0 = Release|Any CPU
		{E7037B71-613F-4B74-9E02-8AFCF77B4C34}.Release|x64.ActiveCfg = Release|Any CPU
		{E7037B71-613F-4B74-9E02-8AFCF77B4C34}.Release|x64.Build.0 = Release|Any CPU
		{E7037B71-613F-4B74-9E02-8AFCF77B4C34}.Release|x86.ActiveCfg = Release|Any CPU
		{E7037B71-613F-4B74-9E02-8AFCF77B4C34}.Release|x86.Build.0 = Release|Any CPU
	EndGlobalSection
EndGlobal
